
Microsoft Visual Studio Solution File, Format Version 12.00
# Visual Studio Version 17
VisualStudioVersion = 17.9.34902.65
MinimumVisualStudioVersion = 10.0.40219.1
Project("{FAE04EC0-301F-11D3-BF4B-00C04F79EFBC}") = "AbstractClasses", "AbstractClasses\AbstractClasses.csproj", "{3A0B14D1-EAB4-4F5E-8F2C-D326695B7674}"
EndProject
Global
	GlobalSection(SolutionConfigurationPlatforms) = preSolution
		Debug|Any CPU = Debug|Any CPU
		Release|Any CPU = Release|Any CPU
	EndGlobalSection
	GlobalSection(ProjectConfigurationPlatforms) = postSolution
		{3A0B14D1-EAB4-4F5E-8F2C-D326695B7674}.Debug|Any CPU.ActiveCfg = Debug|Any CPU
		{3A0B14D1-EAB4-4F5E-8F2C-D326695B7674}.Debug|Any CPU.Build.0 = Debug|Any CPU
		{3A0B14D1-EAB4-4F5E-8F2C-D326695B7674}.Release|Any CPU.ActiveCfg = Release|Any CPU
		{3A0B14D1-EAB4-4F5E-8F2C-D326695B7674}.Release|Any CPU.Build.0 = Release|Any CPU
	EndGlobalSection
	GlobalSection(SolutionProperties) = preSolution
		HideSolutionNode = FALSE
	EndGlobalSection
	GlobalSection(ExtensibilityGlobals) = postSolution
		SolutionGuid = {64030E06-A59C-4625-AB73-0B3475C78FE5}
	EndGlobalSection
EndGlobal
